
Microsoft Visual Studio Solution File, Format Version 12.00
# Visual Studio 2013
VisualStudioVersion = 12.0.21005.1
MinimumVisualStudioVersion = 10.0.40219.1
Project("{8BC9CEB8-8B4A-11D0-8D11-00A0C91BC942}") = "gensign", "gensign\gensign.vcxproj", "{03548A08-D2B0-4990-9E7B-5A652B0D3C63}"
	ProjectSection(ProjectDependencies) = postProject
		{3B98AEA0-48E9-40FA-8D12-21A924678661} = {3B98AEA0-48E9-40FA-8D12-21A924678661}
	EndProjectSection
EndProject
Project("{8BC9CEB8-8B4A-11D0-8D11-00A0C91BC942}") = "testgensig", "testgensig\testgensig.vcxproj", "{3B98AEA0-48E9-40FA-8D12-21A924678661}"
EndProject
Global
	GlobalSection(SolutionConfigurationPlatforms) = preSolution
		Debug|Win32 = Debug|Win32
		Release|Win32 = Release|Win32
	EndGlobalSection
	GlobalSection(ProjectConfigurationPlatforms) = postSolution
		{03548A08-D2B0-4990-9E7B-5A652B0D3C63}.Debug|Win32.ActiveCfg = Debug|Win32
		{03548A08-D2B0-4990-9E7B-5A652B0D3C63}.Debug|Win32.Build.0 = Debug|Win32
		{03548A08-D2B0-4990-9E7B-5A652B0D3C63}.Release|Win32.ActiveCfg = Release|Win32
		{03548A08-D2B0-4990-9E7B-5A652B0D3C63}.Release|Win32.Build.0 = Release|Win32
		{3B98AEA0-48E9-40FA-8D12-21A924678661}.Debug|Win32.ActiveCfg = Debug|Win32
		{3B98AEA0-48E9-40FA-8D12-21A924678661}.Debug|Win32.Build.0 = Debug|Win32
		{3B98AEA0-48E9-40FA-8D12-21A924678661}.Release|Win32.ActiveCfg = Release|Win32
		{3B98AEA0-48E9-40FA-8D12-21A924678661}.Release|Win32.Build.0 = Release|Win32
	EndGlobalSection
	GlobalSection(SolutionProperties) = preSolution
		HideSolutionNode = FALSE
	EndGlobalSection
EndGlobal
